
Microsoft Visual Studio Solution File, Format Version 12.00
# Visual Studio Version 16
VisualStudioVersion = 16.0.29911.84
MinimumVisualStudioVersion = 10.0.40219.1
Project("{FAE04EC0-301F-11D3-BF4B-00C04F79EFBC}") = "OOPaS4", "OOPaS4\OOPaS4.csproj", "{4DD2E6C3-F614-421A-A3CB-AA042473574A}"
EndProject
Project("{FAE04EC0-301F-11D3-BF4B-00C04F79EFBC}") = "Singleton", "Singleton\Singleton.csproj", "{AD5E19B7-BBFC-498C-A139-B3719C93C299}"
EndProject
Global
	GlobalSection(SolutionConfigurationPlatforms) = preSolution
		Debug|Any CPU = Debug|Any CPU
		Release|Any CPU = Release|Any CPU
	EndGlobalSection
	GlobalSection(ProjectConfigurationPlatforms) = postSolution
		{4DD2E6C3-F614-421A-A3CB-AA042473574A}.Debug|Any CPU.ActiveCfg = Debug|Any CPU
		{4DD2E6C3-F614-421A-A3CB-AA042473574A}.Debug|Any CPU.Build.0 = Debug|Any CPU
		{4DD2E6C3-F614-421A-A3CB-AA042473574A}.Release|Any CPU.ActiveCfg = Release|Any CPU
		{4DD2E6C3-F614-421A-A3CB-AA042473574A}.Release|Any CPU.Build.0 = Release|Any CPU
		{AD5E19B7-BBFC-498C-A139-B3719C93C299}.Debug|Any CPU.ActiveCfg = Debug|Any CPU
		{AD5E19B7-BBFC-498C-A139-B3719C93C299}.Debug|Any CPU.Build.0 = Debug|Any CPU
		{AD5E19B7-BBFC-498C-A139-B3719C93C299}.Release|Any CPU.ActiveCfg = Release|Any CPU
		{AD5E19B7-BBFC-498C-A139-B3719C93C299}.Release|Any CPU.Build.0 = Release|Any CPU
	EndGlobalSection
	GlobalSection(SolutionProperties) = preSolution
		HideSolutionNode = FALSE
	EndGlobalSection
	GlobalSection(ExtensibilityGlobals) = postSolution
		SolutionGuid = {A9996E0C-6A17-451F-B44C-3CC14E248D43}
	EndGlobalSection
EndGlobal
